
Microsoft Visual Studio Solution File, Format Version 12.00
# Visual Studio Version 16
VisualStudioVersion = 16.0.29411.108
MinimumVisualStudioVersion = 10.0.40219.1
Project("{2150E333-8FDC-42A3-9474-1A3956D46DE8}") = "Domain", "Domain", "{5AD171BA-1753-4C59-BD74-73F5E3038859}"
EndProject
Project("{2150E333-8FDC-42A3-9474-1A3956D46DE8}") = "Service", "Service", "{E123449F-F538-44CD-95CF-14FB6A199B35}"
EndProject
Project("{2150E333-8FDC-42A3-9474-1A3956D46DE8}") = "Infra.Bus", "Infra.Bus", "{EED1FD3C-F6F3-413C-97F4-CDA32C63AB73}"
EndProject
Project("{2150E333-8FDC-42A3-9474-1A3956D46DE8}") = "infra.IoC", "infra.IoC", "{532397E6-74F1-487C-809C-CCF0E0E0FE66}"
EndProject
Project("{2150E333-8FDC-42A3-9474-1A3956D46DE8}") = "Presentation", "Presentation", "{A25338B3-F5ED-421A-9B6F-B498F4F38594}"
EndProject
Project("{9A19103F-16F7-4668-BE54-9A1E7A4F7556}") = "GBank.Domain.Core", "GBank.Domain.Core\GBank.Domain.Core.csproj", "{60A25042-9C08-4C07-BDC5-CDC61702CC9E}"
EndProject
Project("{9A19103F-16F7-4668-BE54-9A1E7A4F7556}") = "GBank.Infra.Bus", "Gbank.Infra.Bus\GBank.Infra.Bus.csproj", "{BDD8E7D0-B993-4D37-99EC-1C94627CD278}"
EndProject
Project("{9A19103F-16F7-4668-BE54-9A1E7A4F7556}") = "GBank.Infra.IoC", "GBank.Infra.IoC\GBank.Infra.IoC.csproj", "{F7B69AF8-6E9F-4896-BF64-C5336270C639}"
EndProject
Project("{2150E333-8FDC-42A3-9474-1A3956D46DE8}") = "Banking", "Banking", "{8BF63AEE-F09E-4CB3-B737-CB38EF9EB17E}"
EndProject
Project("{2150E333-8FDC-42A3-9474-1A3956D46DE8}") = "Api", "Api", "{1EAA5671-C07A-4886-93A0-4BF951C968BD}"
EndProject
Project("{2150E333-8FDC-42A3-9474-1A3956D46DE8}") = "Domain", "Domain", "{3C8955A8-7B9C-40C6-A6AD-892FE36E1C7D}"
EndProject
Project("{2150E333-8FDC-42A3-9474-1A3956D46DE8}") = "Application", "Application", "{031BBE3A-582A-47B1-84C1-D0EEE23C81F4}"
EndProject
Project("{2150E333-8FDC-42A3-9474-1A3956D46DE8}") = "Data", "Data", "{6F41A4E6-5139-45CE-BFE0-5E275A65E553}"
EndProject
Project("{9A19103F-16F7-4668-BE54-9A1E7A4F7556}") = "GBank.Banking.Api", "GBank.Banking.Api\GBank.Banking.Api.csproj", "{F9E78838-8225-4550-BDF3-005034337668}"
EndProject
Project("{9A19103F-16F7-4668-BE54-9A1E7A4F7556}") = "GBank.Banking.Application", "GBank.Banking.Application\GBank.Banking.Application.csproj", "{65799853-3B4E-47EA-91DC-FA19D44A1B85}"
EndProject
Project("{9A19103F-16F7-4668-BE54-9A1E7A4F7556}") = "GBank.Banking.Data", "GBank.Banking.Data\GBank.Banking.Data.csproj", "{A1357FFF-4F20-4723-8214-89FFAA48C0B8}"
EndProject
Project("{9A19103F-16F7-4668-BE54-9A1E7A4F7556}") = "GBank.Banking.Domain", "GBank.Banking.Domain\GBank.Banking.Domain.csproj", "{8D53294A-08E9-47B1-960A-CDBC8E4E5ED0}"
EndProject
Project("{2150E333-8FDC-42A3-9474-1A3956D46DE8}") = "Transfer", "Transfer", "{741C9BB6-FDB3-4615-8A3E-EF785DAABDD5}"
EndProject
Project("{2150E333-8FDC-42A3-9474-1A3956D46DE8}") = "Api", "Api", "{CA4F7D94-6112-4367-A458-65E07DB65938}"
EndProject
Project("{2150E333-8FDC-42A3-9474-1A3956D46DE8}") = "Application", "Application", "{9910969B-0492-4A9C-8D97-301736E7550E}"
EndProject
Project("{2150E333-8FDC-42A3-9474-1A3956D46DE8}") = "Data", "Data", "{173215C3-E9C0-42B0-8289-AD438BF5B77F}"
EndProject
Project("{2150E333-8FDC-42A3-9474-1A3956D46DE8}") = "Domain", "Domain", "{2DDB08CA-4515-4473-A7D4-560D24B309A9}"
EndProject
Project("{FAE04EC0-301F-11D3-BF4B-00C04F79EFBC}") = "GBank.Transfer.Api", "GBank.Transfer.Api\GBank.Transfer.Api.csproj", "{CF4C55C3-BE5B-4A18-ADF0-6E2A280FA05A}"
EndProject
Project("{FAE04EC0-301F-11D3-BF4B-00C04F79EFBC}") = "GBank.Transfer.Application", "GBank.Transfer.Application\GBank.Transfer.Application.csproj", "{64400B33-4B0D-4B20-A995-1F4B0099CBF1}"
EndProject
Project("{FAE04EC0-301F-11D3-BF4B-00C04F79EFBC}") = "GBank.Transfer.Data", "GBank.Transfer.Data\GBank.Transfer.Data.csproj", "{35DC5A9C-4874-451A-9174-FCF56409721A}"
EndProject
Project("{FAE04EC0-301F-11D3-BF4B-00C04F79EFBC}") = "GBank.Transfer.Domain", "GBank.Transfer.Domain\GBank.Transfer.Domain.csproj", "{862984C1-4A24-4DF9-A42A-3CD308208EA9}"
EndProject
Global
	GlobalSection(SolutionConfigurationPlatforms) = preSolution
		Debug|Any CPU = Debug|Any CPU
		Release|Any CPU = Release|Any CPU
	EndGlobalSection
	GlobalSection(ProjectConfigurationPlatforms) = postSolution
		{60A25042-9C08-4C07-BDC5-CDC61702CC9E}.Debug|Any CPU.ActiveCfg = Debug|Any CPU
		{60A25042-9C08-4C07-BDC5-CDC61702CC9E}.Debug|Any CPU.Build.0 = Debug|Any CPU
		{60A25042-9C08-4C07-BDC5-CDC61702CC9E}.Release|Any CPU.ActiveCfg = Release|Any CPU
		{60A25042-9C08-4C07-BDC5-CDC61702CC9E}.Release|Any CPU.Build.0 = Release|Any CPU
		{BDD8E7D0-B993-4D37-99EC-1C94627CD278}.Debug|Any CPU.ActiveCfg = Debug|Any CPU
		{BDD8E7D0-B993-4D37-99EC-1C94627CD278}.Debug|Any CPU.Build.0 = Debug|Any CPU
		{BDD8E7D0-B993-4D37-99EC-1C94627CD278}.Release|Any CPU.ActiveCfg = Release|Any CPU
		{BDD8E7D0-B993-4D37-99EC-1C94627CD278}.Release|Any CPU.Build.0 = Release|Any CPU
		{F7B69AF8-6E9F-4896-BF64-C5336270C639}.Debug|Any CPU.ActiveCfg = Debug|Any CPU
		{F7B69AF8-6E9F-4896-BF64-C5336270C639}.Debug|Any CPU.Build.0 = Debug|Any CPU
		{F7B69AF8-6E9F-4896-BF64-C5336270C639}.Release|Any CPU.ActiveCfg = Release|Any CPU
		{F7B69AF8-6E9F-4896-BF64-C5336270C639}.Release|Any CPU.Build.0 = Release|Any CPU
		{F9E78838-8225-4550-BDF3-005034337668}.Debug|Any CPU.ActiveCfg = Debug|Any CPU
		{F9E78838-8225-4550-BDF3-005034337668}.Debug|Any CPU.Build.0 = Debug|Any CPU
		{F9E78838-8225-4550-BDF3-005034337668}.Release|Any CPU.ActiveCfg = Release|Any CPU
		{F9E78838-8225-4550-BDF3-005034337668}.Release|Any CPU.Build.0 = Release|Any CPU
		{65799853-3B4E-47EA-91DC-FA19D44A1B85}.Debug|Any CPU.ActiveCfg = Debug|Any CPU
		{65799853-3B4E-47EA-91DC-FA19D44A1B85}.Debug|Any CPU.Build.0 = Debug|Any CPU
		{65799853-3B4E-47EA-91DC-FA19D44A1B85}.Release|Any CPU.ActiveCfg = Release|Any CPU
		{65799853-3B4E-47EA-91DC-FA19D44A1B85}.Release|Any CPU.Build.0 = Release|Any CPU
		{A1357FFF-4F20-4723-8214-89FFAA48C0B8}.Debug|Any CPU.ActiveCfg = Debug|Any CPU
		{A1357FFF-4F20-4723-8214-89FFAA48C0B8}.Debug|Any CPU.Build.0 = Debug|Any CPU
		{A1357FFF-4F20-4723-8214-89FFAA48C0B8}.Release|Any CPU.ActiveCfg = Release|Any CPU
		{A1357FFF-4F20-4723-8214-89FFAA48C0B8}.Release|Any CPU.Build.0 = Release|Any CPU
		{8D53294A-08E9-47B1-960A-CDBC8E4E5ED0}.Debug|Any CPU.ActiveCfg = Debug|Any CPU
		{8D53294A-08E9-47B1-960A-CDBC8E4E5ED0}.Debug|Any CPU.Build.0 = Debug|Any CPU
		{8D53294A-08E9-47B1-960A-CDBC8E4E5ED0}.Release|Any CPU.ActiveCfg = Release|Any CPU
		{8D53294A-08E9-47B1-960A-CDBC8E4E5ED0}.Release|Any CPU.Build.0 = Release|Any CPU
		{CF4C55C3-BE5B-4A18-ADF0-6E2A280FA05A}.Debug|Any CPU.ActiveCfg = Debug|Any CPU
		{CF4C55C3-BE5B-4A18-ADF0-6E2A280FA05A}.Debug|Any CPU.Build.0 = Debug|Any CPU
		{CF4C55C3-BE5B-4A18-ADF0-6E2A280FA05A}.Release|Any CPU.ActiveCfg = Release|Any CPU
		{CF4C55C3-BE5B-4A18-ADF0-6E2A280FA05A}.Release|Any CPU.Build.0 = Release|Any CPU
		{64400B33-4B0D-4B20-A995-1F4B0099CBF1}.Debug|Any CPU.ActiveCfg = Debug|Any CPU
		{64400B33-4B0D-4B20-A995-1F4B0099CBF1}.Debug|Any CPU.Build.0 = Debug|Any CPU
		{64400B33-4B0D-4B20-A995-1F4B0099CBF1}.Release|Any CPU.ActiveCfg = Release|Any CPU
		{64400B33-4B0D-4B20-A995-1F4B0099CBF1}.Release|Any CPU.Build.0 = Release|Any CPU
		{35DC5A9C-4874-451A-9174-FCF56409721A}.Debug|Any CPU.ActiveCfg = Debug|Any CPU
		{35DC5A9C-4874-451A-9174-FCF56409721A}.Debug|Any CPU.Build.0 = Debug|Any CPU
		{35DC5A9C-4874-451A-9174-FCF56409721A}.Release|Any CPU.ActiveCfg = Release|Any CPU
		{35DC5A9C-4874-451A-9174-FCF56409721A}.Release|Any CPU.Build.0 = Release|Any CPU
		{862984C1-4A24-4DF9-A42A-3CD308208EA9}.Debug|Any CPU.ActiveCfg = Debug|Any CPU
		{862984C1-4A24-4DF9-A42A-3CD308208EA9}.Debug|Any CPU.Build.0 = Debug|Any CPU
		{862984C1-4A24-4DF9-A42A-3CD308208EA9}.Release|Any CPU.ActiveCfg = Release|Any CPU
		{862984C1-4A24-4DF9-A42A-3CD308208EA9}.Release|Any CPU.Build.0 = Release|Any CPU
	EndGlobalSection
	GlobalSection(SolutionProperties) = preSolution
		HideSolutionNode = FALSE
	EndGlobalSection
	GlobalSection(NestedProjects) = preSolution
		{60A25042-9C08-4C07-BDC5-CDC61702CC9E} = {5AD171BA-1753-4C59-BD74-73F5E3038859}
		{BDD8E7D0-B993-4D37-99EC-1C94627CD278} = {EED1FD3C-F6F3-413C-97F4-CDA32C63AB73}
		{F7B69AF8-6E9F-4896-BF64-C5336270C639} = {532397E6-74F1-487C-809C-CCF0E0E0FE66}
		{8BF63AEE-F09E-4CB3-B737-CB38EF9EB17E} = {E123449F-F538-44CD-95CF-14FB6A199B35}
		{1EAA5671-C07A-4886-93A0-4BF951C968BD} = {8BF63AEE-F09E-4CB3-B737-CB38EF9EB17E}
		{3C8955A8-7B9C-40C6-A6AD-892FE36E1C7D} = {8BF63AEE-F09E-4CB3-B737-CB38EF9EB17E}
		{031BBE3A-582A-47B1-84C1-D0EEE23C81F4} = {8BF63AEE-F09E-4CB3-B737-CB38EF9EB17E}
		{6F41A4E6-5139-45CE-BFE0-5E275A65E553} = {8BF63AEE-F09E-4CB3-B737-CB38EF9EB17E}
		{F9E78838-8225-4550-BDF3-005034337668} = {1EAA5671-C07A-4886-93A0-4BF951C968BD}
		{65799853-3B4E-47EA-91DC-FA19D44A1B85} = {031BBE3A-582A-47B1-84C1-D0EEE23C81F4}
		{A1357FFF-4F20-4723-8214-89FFAA48C0B8} = {6F41A4E6-5139-45CE-BFE0-5E275A65E553}
		{8D53294A-08E9-47B1-960A-CDBC8E4E5ED0} = {3C8955A8-7B9C-40C6-A6AD-892FE36E1C7D}
		{741C9BB6-FDB3-4615-8A3E-EF785DAABDD5} = {E123449F-F538-44CD-95CF-14FB6A199B35}
		{CA4F7D94-6112-4367-A458-65E07DB65938} = {741C9BB6-FDB3-4615-8A3E-EF785DAABDD5}
		{9910969B-0492-4A9C-8D97-301736E7550E} = {741C9BB6-FDB3-4615-8A3E-EF785DAABDD5}
		{173215C3-E9C0-42B0-8289-AD438BF5B77F} = {741C9BB6-FDB3-4615-8A3E-EF785DAABDD5}
		{2DDB08CA-4515-4473-A7D4-560D24B309A9} = {741C9BB6-FDB3-4615-8A3E-EF785DAABDD5}
		{CF4C55C3-BE5B-4A18-ADF0-6E2A280FA05A} = {CA4F7D94-6112-4367-A458-65E07DB65938}
		{64400B33-4B0D-4B20-A995-1F4B0099CBF1} = {9910969B-0492-4A9C-8D97-301736E7550E}
		{35DC5A9C-4874-451A-9174-FCF56409721A} = {173215C3-E9C0-42B0-8289-AD438BF5B77F}
		{862984C1-4A24-4DF9-A42A-3CD308208EA9} = {2DDB08CA-4515-4473-A7D4-560D24B309A9}
	EndGlobalSection
	GlobalSection(ExtensibilityGlobals) = postSolution
		SolutionGuid = {A90B455B-D46F-44B2-AD31-28297DFCA827}
	EndGlobalSection
EndGlobal
